
Microsoft Visual Studio Solution File, Format Version 12.00
# Visual Studio 2013
VisualStudioVersion = 12.0.21005.1
MinimumVisualStudioVersion = 10.0.40219.1
Project("{FAE04EC0-301F-11D3-BF4B-00C04F79EFBC}") = "L6M2_Patrice_Keusch", "L6M2_Patrice_Keusch\L6M2_Patrice_Keusch.csproj", "{2718EF8E-E52E-450F-A5FE-ED44A0226E3E}"
EndProject
Global
	GlobalSection(SolutionConfigurationPlatforms) = preSolution
		Debug|Any CPU = Debug|Any CPU
		Release|Any CPU = Release|Any CPU
	EndGlobalSection
	GlobalSection(ProjectConfigurationPlatforms) = postSolution
		{2718EF8E-E52E-450F-A5FE-ED44A0226E3E}.Debug|Any CPU.ActiveCfg = Debug|Any CPU
		{2718EF8E-E52E-450F-A5FE-ED44A0226E3E}.Debug|Any CPU.Build.0 = Debug|Any CPU
		{2718EF8E-E52E-450F-A5FE-ED44A0226E3E}.Release|Any CPU.ActiveCfg = Release|Any CPU
		{2718EF8E-E52E-450F-A5FE-ED44A0226E3E}.Release|Any CPU.Build.0 = Release|Any CPU
	EndGlobalSection
	GlobalSection(SolutionProperties) = preSolution
		HideSolutionNode = FALSE
	EndGlobalSection
EndGlobal
