
Microsoft Visual Studio Solution File, Format Version 12.00
# Visual Studio 2013
VisualStudioVersion = 12.0.21005.1
MinimumVisualStudioVersion = 10.0.40219.1
Project("{FAE04EC0-301F-11D3-BF4B-00C04F79EFBC}") = "WcfPhoneTest1", "WcfPhoneTest1\WcfPhoneTest1.csproj", "{9005F2B8-6637-4850-B49C-B71B7B8D10D2}"
EndProject
Project("{FAE04EC0-301F-11D3-BF4B-00C04F79EFBC}") = "wcfConsoleTest", "wcfConsoleTest\wcfConsoleTest.csproj", "{FA63F085-FC4E-44CD-9442-67411F4E89E9}"
	ProjectSection(ProjectDependencies) = postProject
		{9005F2B8-6637-4850-B49C-B71B7B8D10D2} = {9005F2B8-6637-4850-B49C-B71B7B8D10D2}
	EndProjectSection
EndProject
Project("{FAE04EC0-301F-11D3-BF4B-00C04F79EFBC}") = "PSRemoting_ConsoleProxy", "PSRemoting_ConsoleProxy\PSRemoting_ConsoleProxy.csproj", "{B31D25D0-3C30-4744-AC4C-B20ADE710304}"
EndProject
Project("{FAE04EC0-301F-11D3-BF4B-00C04F79EFBC}") = "PSRemoteSvc", "PSRemoteSvc\PSRemoteSvc.csproj", "{551BDA17-A7B3-4480-B9C1-6F2CC7297B03}"
EndProject
Global
	GlobalSection(SolutionConfigurationPlatforms) = preSolution
		Debug|Any CPU = Debug|Any CPU
		Debug|ARM = Debug|ARM
		Debug|x86 = Debug|x86
		Release|Any CPU = Release|Any CPU
		Release|ARM = Release|ARM
		Release|x86 = Release|x86
	EndGlobalSection
	GlobalSection(ProjectConfigurationPlatforms) = postSolution
		{9005F2B8-6637-4850-B49C-B71B7B8D10D2}.Debug|Any CPU.ActiveCfg = Debug|Any CPU
		{9005F2B8-6637-4850-B49C-B71B7B8D10D2}.Debug|Any CPU.Build.0 = Debug|Any CPU
		{9005F2B8-6637-4850-B49C-B71B7B8D10D2}.Debug|ARM.ActiveCfg = Debug|Any CPU
		{9005F2B8-6637-4850-B49C-B71B7B8D10D2}.Debug|x86.ActiveCfg = Debug|Any CPU
		{9005F2B8-6637-4850-B49C-B71B7B8D10D2}.Release|Any CPU.ActiveCfg = Release|Any CPU
		{9005F2B8-6637-4850-B49C-B71B7B8D10D2}.Release|Any CPU.Build.0 = Release|Any CPU
		{9005F2B8-6637-4850-B49C-B71B7B8D10D2}.Release|ARM.ActiveCfg = Release|Any CPU
		{9005F2B8-6637-4850-B49C-B71B7B8D10D2}.Release|x86.ActiveCfg = Release|Any CPU
		{FA63F085-FC4E-44CD-9442-67411F4E89E9}.Debug|Any CPU.ActiveCfg = Debug|Any CPU
		{FA63F085-FC4E-44CD-9442-67411F4E89E9}.Debug|Any CPU.Build.0 = Debug|Any CPU
		{FA63F085-FC4E-44CD-9442-67411F4E89E9}.Debug|ARM.ActiveCfg = Debug|Any CPU
		{FA63F085-FC4E-44CD-9442-67411F4E89E9}.Debug|x86.ActiveCfg = Debug|Any CPU
		{FA63F085-FC4E-44CD-9442-67411F4E89E9}.Release|Any CPU.ActiveCfg = Release|Any CPU
		{FA63F085-FC4E-44CD-9442-67411F4E89E9}.Release|Any CPU.Build.0 = Release|Any CPU
		{FA63F085-FC4E-44CD-9442-67411F4E89E9}.Release|ARM.ActiveCfg = Release|Any CPU
		{FA63F085-FC4E-44CD-9442-67411F4E89E9}.Release|x86.ActiveCfg = Release|Any CPU
		{B31D25D0-3C30-4744-AC4C-B20ADE710304}.Debug|Any CPU.ActiveCfg = Debug|Any CPU
		{B31D25D0-3C30-4744-AC4C-B20ADE710304}.Debug|Any CPU.Build.0 = Debug|Any CPU
		{B31D25D0-3C30-4744-AC4C-B20ADE710304}.Debug|ARM.ActiveCfg = Debug|Any CPU
		{B31D25D0-3C30-4744-AC4C-B20ADE710304}.Debug|x86.ActiveCfg = Debug|Any CPU
		{B31D25D0-3C30-4744-AC4C-B20ADE710304}.Release|Any CPU.ActiveCfg = Release|Any CPU
		{B31D25D0-3C30-4744-AC4C-B20ADE710304}.Release|Any CPU.Build.0 = Release|Any CPU
		{B31D25D0-3C30-4744-AC4C-B20ADE710304}.Release|ARM.ActiveCfg = Release|Any CPU
		{B31D25D0-3C30-4744-AC4C-B20ADE710304}.Release|x86.ActiveCfg = Release|Any CPU
		{551BDA17-A7B3-4480-B9C1-6F2CC7297B03}.Debug|Any CPU.ActiveCfg = Debug|Any CPU
		{551BDA17-A7B3-4480-B9C1-6F2CC7297B03}.Debug|Any CPU.Build.0 = Debug|Any CPU
		{551BDA17-A7B3-4480-B9C1-6F2CC7297B03}.Debug|ARM.ActiveCfg = Debug|Any CPU
		{551BDA17-A7B3-4480-B9C1-6F2CC7297B03}.Debug|x86.ActiveCfg = Debug|Any CPU
		{551BDA17-A7B3-4480-B9C1-6F2CC7297B03}.Release|Any CPU.ActiveCfg = Release|Any CPU
		{551BDA17-A7B3-4480-B9C1-6F2CC7297B03}.Release|Any CPU.Build.0 = Release|Any CPU
		{551BDA17-A7B3-4480-B9C1-6F2CC7297B03}.Release|ARM.ActiveCfg = Release|Any CPU
		{551BDA17-A7B3-4480-B9C1-6F2CC7297B03}.Release|x86.ActiveCfg = Release|Any CPU
	EndGlobalSection
	GlobalSection(SolutionProperties) = preSolution
		HideSolutionNode = FALSE
	EndGlobalSection
EndGlobal
